
Microsoft Visual Studio Solution File, Format Version 12.00
# Visual Studio 15
VisualStudioVersion = 15.0.27703.2035
MinimumVisualStudioVersion = 10.0.40219.1
Project("{9A19103F-16F7-4668-BE54-9A1E7A4F7556}") = "MetricsDemo", "MetricsDemo\MetricsDemo.csproj", "{ECA3E5EA-FDE0-44DF-98EC-B49FE4422973}"
EndProject
Global
	GlobalSection(SolutionConfigurationPlatforms) = preSolution
		Debug|Any CPU = Debug|Any CPU
		Release|Any CPU = Release|Any CPU
	EndGlobalSection
	GlobalSection(ProjectConfigurationPlatforms) = postSolution
		{ECA3E5EA-FDE0-44DF-98EC-B49FE4422973}.Debug|Any CPU.ActiveCfg = Debug|Any CPU
		{ECA3E5EA-FDE0-44DF-98EC-B49FE4422973}.Debug|Any CPU.Build.0 = Debug|Any CPU
		{ECA3E5EA-FDE0-44DF-98EC-B49FE4422973}.Release|Any CPU.ActiveCfg = Release|Any CPU
		{ECA3E5EA-FDE0-44DF-98EC-B49FE4422973}.Release|Any CPU.Build.0 = Release|Any CPU
	EndGlobalSection
	GlobalSection(SolutionProperties) = preSolution
		HideSolutionNode = FALSE
	EndGlobalSection
	GlobalSection(ExtensibilityGlobals) = postSolution
		SolutionGuid = {CD032E5C-6718-425F-A1E2-3477B979621B}
	EndGlobalSection
EndGlobal
